{
    "name": "kit-interface",
    "version": "2.0.1",
    "lockfileVersion": 1,
    "requires": true,
    "dependencies": {
        "ansicolors": {
            "version": "0.2.1",
            "resolved": "https://registry.npmjs.org/ansicolors/-/ansicolors-0.2.1.tgz",
            "integrity": "sha1-vgiVmQl7dKXJxKhKDNvNtivYeu8="
        },
        "cardinal": {
            "version": "1.0.0",
            "resolved": "https://registry.npmjs.org/cardinal/-/cardinal-1.0.0.tgz",
            "integrity": "sha1-UOIcGwqjdyn5N33vGWtanOyTLuk=",
            "requires": {
                "ansicolors": "0.2.1",
                "redeyed": "1.0.1"
            }
        },
        "esprima": {
            "version": "3.0.0",
            "resolved": "https://registry.npmjs.org/esprima/-/esprima-3.0.0.tgz",
            "integrity": "sha1-U88kes2ncxPlUcOqLnM0LT+099k="
        },
        "kit": {
            "version": "git+ssh://riatzukiza@aaron.kettlelogic.space:1250/H/gits/kit#ed7b5679f78c047501eb49cca9340cd13d7628e1",
            "requires": {
                "ramda": "0.23.0",
                "sibilant": "0.5.5",
                "source-map-support": "0.4.18"
            }
        },
        "ramda": {
            "version": "0.23.0",
            "resolved": "https://registry.npmjs.org/ramda/-/ramda-0.23.0.tgz",
            "integrity": "sha1-zNE//3NJepOXTj6GMnv9h71ujis="
        },
        "redeyed": {
            "version": "1.0.1",
            "resolved": "https://registry.npmjs.org/redeyed/-/redeyed-1.0.1.tgz",
            "integrity": "sha1-6WwZO0DAgWsArshCaY5hGF5VSYo=",
            "requires": {
                "esprima": "3.0.0"
            }
        },
        "sibilant": {
            "version": "0.5.5",
            "resolved": "https://registry.npmjs.org/sibilant/-/sibilant-0.5.5.tgz",
            "integrity": "sha1-2fmSyLt/p7UQfGKDXYcj5NtDtmk=",
            "requires": {
                "cardinal": "1.0.0",
                "source-map": "0.5.7",
                "source-map-support": "0.4.18"
            }
        },
        "source-map": {
            "version": "0.5.7",
            "resolved": "https://registry.npmjs.org/source-map/-/source-map-0.5.7.tgz",
            "integrity": "sha1-igOdLRAh0i0eoUyA2OpGi6LvP8w="
        },
        "source-map-support": {
            "version": "0.4.18",
            "resolved": "https://registry.npmjs.org/source-map-support/-/source-map-support-0.4.18.tgz",
            "integrity": "sha1-Aoam3ovkJkEzhZTpfM6nXwosWF8=",
            "requires": {
                "source-map": "0.5.7"
            }
        }
    }
}
